PODS:
  - AFNetworking (3.1.0):
    - AFNetworking/NSURLSession (= 3.1.0)
    - AFNetworking/Reachability (= 3.1.0)
    - AFNetworking/Security (= 3.1.0)
    - AFNetworking/Serialization (= 3.1.0)
    - AFNetworking/UIKit (= 3.1.0)
  - AFNetworking/NSURLSession (3.1.0):
    - AFNetworking/Reachability
    - AFNetworking/Security
    - AFNetworking/Serialization
  - AFNetworking/Reachability (3.1.0)
  - AFNetworking/Security (3.1.0)
  - AFNetworking/Serialization (3.1.0)
  - AFNetworking/UIKit (3.1.0):
    - AFNetworking/NSURLSession
  - BEMSimpleLineGraph (4.1)
  - CTAssetsPickerController (3.3.1):
    - PureLayout (~> 3.0.0)
  - DACircularProgress (2.3.1)
  - FSCalendar (2.1.1)
  - KVNProgress (2.2.4)
  - MBProgressHUD (0.9.2)
  - MWPhotoBrowser (2.1.2):
    - DACircularProgress (~> 2.3)
    - MBProgressHUD (~> 0.9)
    - SDWebImage (!= 3.7.2, ~> 3.7)
  - PureLayout (3.0.1)
  - SDWebImage (3.7.6):
    - SDWebImage/Core (= 3.7.6)
  - SDWebImage/Core (3.7.6)
  - ZYBannerView (0.1.3)

DEPENDENCIES:
  - AFNetworking
  - BEMSimpleLineGraph
  - CTAssetsPickerController
  - FSCalendar
  - KVNProgress
  - MWPhotoBrowser
  - SDWebImage
  - ZYBannerView

SPEC CHECKSUMS:
  AFNetworking: 5e0e199f73d8626b11e79750991f5d173d1f8b67
  BEMSimpleLineGraph: 44fd451f27f8e9cf96f2da5bea27603093576dd1
  CTAssetsPickerController: b1d1d50ab87cf6b8b13531de5f4530482e7e53ed
  DACircularProgress: 4dd437c0fc3da5161cb289e07ac449493d41db71
  FSCalendar: 04dc531f06fbde8a8e5b7394e9d4edebd45a591f
  KVNProgress: 541edcea5a1fef592aceac8d791a410d38cb499d
  MBProgressHUD: 1569cf7ace17a8bac47aabfbb8580a49690386d1
  MWPhotoBrowser: 5836d7aa041dc05a13de380c246826578adc5ea5
  PureLayout: f35f5384c9c4e4479df041dbe33ad7577b71ddfb
  SDWebImage: c325cf02c30337336b95beff20a13df489ec0ec9
  ZYBannerView: 43515c479cb46021112926d89a207d0204c0966a

PODFILE CHECKSUM: 412ffe5870718584146254917a225af77755ae40

COCOAPODS: 1.0.0
