// !$*UTF8*$!
{
	archiveVersion = 1;
	classes = {
	};
	objectVersion = 46;
	objects = {

/* Begin PBXBuildFile section */
		01360A591CD1174400BB02B0 /* ActionPerformer.m in Sources */ = {isa = PBXBuildFile; fileRef = 01360A581CD1174400BB02B0 /* ActionPerformer.m */; };
		01360A5C1CD1180A00BB02B0 /* EmotionDiary.m in Sources */ = {isa = PBXBuildFile; fileRef = 01360A5B1CD1180A00BB02B0 /* EmotionDiary.m */; };
		0148B0A71CB97D0A00E8FC08 /* Utilities.m in Sources */ = {isa = PBXBuildFile; fileRef = 0148B0A61CB97D0A00E8FC08 /* Utilities.m */; };
		015334DF1CB8B2DF00E3D2F1 /* CalendarViewTableViewCell.m in Sources */ = {isa = PBXBuildFile; fileRef = 015334DE1CB8B2DF00E3D2F1 /* CalendarViewTableViewCell.m */; };
		017EAA601CD62CC2004AF7FF /* EmotionDiaryManager.m in Sources */ = {isa = PBXBuildFile; fileRef = 017EAA5F1CD62CC2004AF7FF /* EmotionDiaryManager.m */; };
		018EF4581CC761EE00E712BC /* FaceppAPI.m in Sources */ = {isa = PBXBuildFile; fileRef = 018EF43F1CC761EE00E712BC /* FaceppAPI.m */; };
		018EF4591CC761EE00E712BC /* FaceppClient.m in Sources */ = {isa = PBXBuildFile; fileRef = 018EF4421CC761EE00E712BC /* FaceppClient.m */; };
		018EF45A1CC761EE00E712BC /* FaceppDetection.m in Sources */ = {isa = PBXBuildFile; fileRef = 018EF4441CC761EE00E712BC /* FaceppDetection.m */; };
		018EF45B1CC761EE00E712BC /* FaceppFaceset.m in Sources */ = {isa = PBXBuildFile; fileRef = 018EF4461CC761EE00E712BC /* FaceppFaceset.m */; };
		018EF45C1CC761EE00E712BC /* FaceppGroup.m in Sources */ = {isa = PBXBuildFile; fileRef = 018EF4481CC761EE00E712BC /* FaceppGroup.m */; };
		018EF45D1CC761EE00E712BC /* FaceppGrouping.m in Sources */ = {isa = PBXBuildFile; fileRef = 018EF44A1CC761EE00E712BC /* FaceppGrouping.m */; };
		018EF45E1CC761EE00E712BC /* FaceppInfo.m in Sources */ = {isa = PBXBuildFile; fileRef = 018EF44C1CC761EE00E712BC /* FaceppInfo.m */; };
		018EF45F1CC761EE00E712BC /* FaceppPerson.m in Sources */ = {isa = PBXBuildFile; fileRef = 018EF44E1CC761EE00E712BC /* FaceppPerson.m */; };
		018EF4601CC761EE00E712BC /* FaceppRecognition.m in Sources */ = {isa = PBXBuildFile; fileRef = 018EF4501CC761EE00E712BC /* FaceppRecognition.m */; };
		018EF4611CC761EE00E712BC /* FaceppTrainer.m in Sources */ = {isa = PBXBuildFile; fileRef = 018EF4521CC761EE00E712BC /* FaceppTrainer.m */; };
		018EF4621CC761EE00E712BC /* FaceppError.m in Sources */ = {isa = PBXBuildFile; fileRef = 018EF4551CC761EE00E712BC /* FaceppError.m */; };
		018EF4631CC761EE00E712BC /* FaceppResult.m in Sources */ = {isa = PBXBuildFile; fileRef = 018EF4571CC761EE00E712BC /* FaceppResult.m */; };
		01B406131CB7FF7500B242D6 /* main.m in Sources */ = {isa = PBXBuildFile; fileRef = 01B406121CB7FF7500B242D6 /* main.m */; };
		01B406161CB7FF7500B242D6 /* AppDelegate.m in Sources */ = {isa = PBXBuildFile; fileRef = 01B406151CB7FF7500B242D6 /* AppDelegate.m */; };
		01B406191CB7FF7500B242D6 /* CalendarViewController.m in Sources */ = {isa = PBXBuildFile; fileRef = 01B406181CB7FF7500B242D6 /* CalendarViewController.m */; };
		01B4061C1CB7FF7500B242D6 /* Main.storyboard in Resources */ = {isa = PBXBuildFile; fileRef = 01B4061A1CB7FF7500B242D6 /* Main.storyboard */; };
		01B4061E1CB7FF7500B242D6 /* Assets.xcassets in Resources */ = {isa = PBXBuildFile; fileRef = 01B4061D1CB7FF7500B242D6 /* Assets.xcassets */; };
		01B406211CB7FF7500B242D6 /* LaunchScreen.storyboard in Resources */ = {isa = PBXBuildFile; fileRef = 01B4061F1CB7FF7500B242D6 /* LaunchScreen.storyboard */; };
		01DF6FEF1CD3CEE100584CE9 /* RecordCollectionViewCell.m in Sources */ = {isa = PBXBuildFile; fileRef = 01DF6FEE1CD3CEE100584CE9 /* RecordCollectionViewCell.m */; };
		01E29C4D1CB88F4600DA815B /* WelcomeViewController.m in Sources */ = {isa = PBXBuildFile; fileRef = 01E29C4C1CB88F4600DA815B /* WelcomeViewController.m */; };
		01E29C501CB891A800DA815B /* StatTableViewController.m in Sources */ = {isa = PBXBuildFile; fileRef = 01E29C4F1CB891A800DA815B /* StatTableViewController.m */; };
		01E29C531CB8926200DA815B /* StatTableViewCell.m in Sources */ = {isa = PBXBuildFile; fileRef = 01E29C521CB8926200DA815B /* StatTableViewCell.m */; };
		01E2DAAE1CCA0A74009E69DC /* Emotion DiaryTests.m in Sources */ = {isa = PBXBuildFile; fileRef = 01E2DAAD1CCA0A74009E69DC /* Emotion DiaryTests.m */; };
		01F15FC81CB8E6AA006BB341 /* RecordTableViewController.m in Sources */ = {isa = PBXBuildFile; fileRef = 01F15FC71CB8E6AA006BB341 /* RecordTableViewController.m */; };
		C8BAB25A48A3B7819B6D6974 /* Pods.framework in Frameworks */ = {isa = PBXBuildFile; fileRef = BA3DF3C1D9187607C200094B /* Pods.framework */; };
/* End PBXBuildFile section */

/* Begin PBXContainerItemProxy section */
		E971843C1CB8F68A00A58920 /* PBXContainerItemProxy */ = {
			isa = PBXContainerItemProxy;
			containerPortal = 01B406061CB7FF7500B242D6 /* Project object */;
			proxyType = 1;
			remoteGlobalIDString = 01B4060D1CB7FF7500B242D6;
			remoteInfo = "Emotion Diary";
		};
/* End PBXContainerItemProxy section */

/* Begin PBXCopyFilesBuildPhase section */
		E971841B1CB8EF7500A58920 /* Embed Frameworks */ = {
			isa = PBXCopyFilesBuildPhase;
			buildActionMask = 2147483647;
			dstPath = "";
			dstSubfolderSpec = 10;
			files = (
			);
			name = "Embed Frameworks";
			runOnlyForDeploymentPostprocessing = 0;
		};
/* End PBXCopyFilesBuildPhase section */

/* Begin PBXFileReference section */
		0115503C1CD24DC6009295F4 /* APIKey+APISecret.sample.h */ = {isa = PBXFileReference; fileEncoding = 4; lastKnownFileType = sourcecode.c.h; path = "APIKey+APISecret.sample.h"; sourceTree = "<group>"; };
		01360A571CD1174400BB02B0 /* ActionPerformer.h */ = {isa = PBXFileReference; fileEncoding = 4; lastKnownFileType = sourcecode.c.h; path = ActionPerformer.h; sourceTree = "<group>"; };
		01360A581CD1174400BB02B0 /* ActionPerformer.m */ = {isa = PBXFileReference; fileEncoding = 4; lastKnownFileType = sourcecode.c.objc; path = ActionPerformer.m; sourceTree = "<group>"; };
		01360A5A1CD1180A00BB02B0 /* EmotionDiary.h */ = {isa = PBXFileReference; fileEncoding = 4; lastKnownFileType = sourcecode.c.h; path = EmotionDiary.h; sourceTree = "<group>"; };
		01360A5B1CD1180A00BB02B0 /* EmotionDiary.m */ = {isa = PBXFileReference; fileEncoding = 4; lastKnownFileType = sourcecode.c.objc; path = EmotionDiary.m; sourceTree = "<group>"; };
		0148B0A51CB97D0A00E8FC08 /* Utilities.h */ = {isa = PBXFileReference; fileEncoding = 4; lastKnownFileType = sourcecode.c.h; path = Utilities.h; sourceTree = "<group>"; };
		0148B0A61CB97D0A00E8FC08 /* Utilities.m */ = {isa = PBXFileReference; fileEncoding = 4; lastKnownFileType = sourcecode.c.objc; path = Utilities.m; sourceTree = "<group>"; };
		015334DD1CB8B2DF00E3D2F1 /* CalendarViewTableViewCell.h */ = {isa = PBXFileReference; fileEncoding = 4; lastKnownFileType = sourcecode.c.h; path = CalendarViewTableViewCell.h; sourceTree = "<group>"; };
		015334DE1CB8B2DF00E3D2F1 /* CalendarViewTableViewCell.m */ = {isa = PBXFileReference; fileEncoding = 4; lastKnownFileType = sourcecode.c.objc; path = CalendarViewTableViewCell.m; sourceTree = "<group>"; };
		015334E01CB8B79300E3D2F1 /* zh-Hans */ = {isa = PBXFileReference; lastKnownFileType = text.plist.strings; name = "zh-Hans"; path = "zh-Hans.lproj/Main.strings"; sourceTree = "<group>"; };
		015334E11CB8B79300E3D2F1 /* zh-Hans */ = {isa = PBXFileReference; lastKnownFileType = text.plist.strings; name = "zh-Hans"; path = "zh-Hans.lproj/LaunchScreen.strings"; sourceTree = "<group>"; };
		015AFD6A1CCBE09800389C7A /* Emotion Diary-Prefix.pch */ = {isa = PBXFileReference; lastKnownFileType = sourcecode.c.h; path = "Emotion Diary-Prefix.pch"; sourceTree = "<group>"; };
		017EAA5E1CD62CC2004AF7FF /* EmotionDiaryManager.h */ = {isa = PBXFileReference; fileEncoding = 4; lastKnownFileType = sourcecode.c.h; path = EmotionDiaryManager.h; sourceTree = "<group>"; };
		017EAA5F1CD62CC2004AF7FF /* EmotionDiaryManager.m */ = {isa = PBXFileReference; fileEncoding = 4; lastKnownFileType = sourcecode.c.objc; path = EmotionDiaryManager.m; sourceTree = "<group>"; };
		018EF43E1CC761EE00E712BC /* FaceppAPI.h */ = {isa = PBXFileReference; fileEncoding = 4; lastKnownFileType = sourcecode.c.h; path = FaceppAPI.h; sourceTree = "<group>"; };
		018EF43F1CC761EE00E712BC /* FaceppAPI.m */ = {isa = PBXFileReference; fileEncoding = 4; lastKnownFileType = sourcecode.c.objc; path = FaceppAPI.m; sourceTree = "<group>"; };
		018EF4411CC761EE00E712BC /* FaceppClient.h */ = {isa = PBXFileReference; fileEncoding = 4; lastKnownFileType = sourcecode.c.h; path = FaceppClient.h; sourceTree = "<group>"; };
		018EF4421CC761EE00E712BC /* FaceppClient.m */ = {isa = PBXFileReference; fileEncoding = 4; lastKnownFileType = sourcecode.c.objc; path = FaceppClient.m; sourceTree = "<group>"; };
		018EF4431CC761EE00E712BC /* FaceppDetection.h */ = {isa = PBXFileReference; fileEncoding = 4; lastKnownFileType = sourcecode.c.h; path = FaceppDetection.h; sourceTree = "<group>"; };
		018EF4441CC761EE00E712BC /* FaceppDetection.m */ = {isa = PBXFileReference; fileEncoding = 4; lastKnownFileType = sourcecode.c.objc; path = FaceppDetection.m; sourceTree = "<group>"; };
		018EF4451CC761EE00E712BC /* FaceppFaceset.h */ = {isa = PBXFileReference; fileEncoding = 4; lastKnownFileType = sourcecode.c.h; path = FaceppFaceset.h; sourceTree = "<group>"; };
		018EF4461CC761EE00E712BC /* FaceppFaceset.m */ = {isa = PBXFileReference; fileEncoding = 4; lastKnownFileType = sourcecode.c.objc; path = FaceppFaceset.m; sourceTree = "<group>"; };
		018EF4471CC761EE00E712BC /* FaceppGroup.h */ = {isa = PBXFileReference; fileEncoding = 4; lastKnownFileType = sourcecode.c.h; path = FaceppGroup.h; sourceTree = "<group>"; };
		018EF4481CC761EE00E712BC /* FaceppGroup.m */ = {isa = PBXFileReference; fileEncoding = 4; lastKnownFileType = sourcecode.c.objc; path = FaceppGroup.m; sourceTree = "<group>"; };
		018EF4491CC761EE00E712BC /* FaceppGrouping.h */ = {isa = PBXFileReference; fileEncoding = 4; lastKnownFileType = sourcecode.c.h; path = FaceppGrouping.h; sourceTree = "<group>"; };
		018EF44A1CC761EE00E712BC /* FaceppGrouping.m */ = {isa = PBXFileReference; fileEncoding = 4; lastKnownFileType = sourcecode.c.objc; path = FaceppGrouping.m; sourceTree = "<group>"; };
		018EF44B1CC761EE00E712BC /* FaceppInfo.h */ = {isa = PBXFileReference; fileEncoding = 4; lastKnownFileType = sourcecode.c.h; path = FaceppInfo.h; sourceTree = "<group>"; };
		018EF44C1CC761EE00E712BC /* FaceppInfo.m */ = {isa = PBXFileReference; fileEncoding = 4; lastKnownFileType = sourcecode.c.objc; path = FaceppInfo.m; sourceTree = "<group>"; };
		018EF44D1CC761EE00E712BC /* FaceppPerson.h */ = {isa = PBXFileReference; fileEncoding = 4; lastKnownFileType = sourcecode.c.h; path = FaceppPerson.h; sourceTree = "<group>"; };
		018EF44E1CC761EE00E712BC /* FaceppPerson.m */ = {isa = PBXFileReference; fileEncoding = 4; lastKnownFileType = sourcecode.c.objc; path = FaceppPerson.m; sourceTree = "<group>"; };
		018EF44F1CC761EE00E712BC /* FaceppRecognition.h */ = {isa = PBXFileReference; fileEncoding = 4; lastKnownFileType = sourcecode.c.h; path = FaceppRecognition.h; sourceTree = "<group>"; };
		018EF4501CC761EE00E712BC /* FaceppRecognition.m */ = {isa = PBXFileReference; fileEncoding = 4; lastKnownFileType = sourcecode.c.objc; path = FaceppRecognition.m; sourceTree = "<group>"; };
		018EF4511CC761EE00E712BC /* FaceppTrainer.h */ = {isa = PBXFileReference; fileEncoding = 4; lastKnownFileType = sourcecode.c.h; path = FaceppTrainer.h; sourceTree = "<group>"; };
		018EF4521CC761EE00E712BC /* FaceppTrainer.m */ = {isa = PBXFileReference; fileEncoding = 4; lastKnownFileType = sourcecode.c.objc; path = FaceppTrainer.m; sourceTree = "<group>"; };
		018EF4541CC761EE00E712BC /* FaceppError.h */ = {isa = PBXFileReference; fileEncoding = 4; lastKnownFileType = sourcecode.c.h; path = FaceppError.h; sourceTree = "<group>"; };
		018EF4551CC761EE00E712BC /* FaceppError.m */ = {isa = PBXFileReference; fileEncoding = 4; lastKnownFileType = sourcecode.c.objc; path = FaceppError.m; sourceTree = "<group>"; };
		018EF4561CC761EE00E712BC /* FaceppResult.h */ = {isa = PBXFileReference; fileEncoding = 4; lastKnownFileType = sourcecode.c.h; path = FaceppResult.h; sourceTree = "<group>"; };
		018EF4571CC761EE00E712BC /* FaceppResult.m */ = {isa = PBXFileReference; fileEncoding = 4; lastKnownFileType = sourcecode.c.objc; path = FaceppResult.m; sourceTree = "<group>"; };
		018EF4641CC7623400E712BC /* README.md */ = {isa = PBXFileReference; fileEncoding = 4; lastKnownFileType = net.daringfireball.markdown; path = README.md; sourceTree = "<group>"; };
		01B4060E1CB7FF7500B242D6 /* Emotion Diary.app */ = {isa = PBXFileReference; explicitFileType = wrapper.application; includeInIndex = 0; path = "Emotion Diary.app"; sourceTree = BUILT_PRODUCTS_DIR; };
		01B406121CB7FF7500B242D6 /* main.m */ = {isa = PBXFileReference; lastKnownFileType = sourcecode.c.objc; path = main.m; sourceTree = "<group>"; };
		01B406141CB7FF7500B242D6 /* AppDelegate.h */ = {isa = PBXFileReference; lastKnownFileType = sourcecode.c.h; path = AppDelegate.h; sourceTree = "<group>"; };
		01B406151CB7FF7500B242D6 /* AppDelegate.m */ = {isa = PBXFileReference; lastKnownFileType = sourcecode.c.objc; path = AppDelegate.m; sourceTree = "<group>"; };
		01B406171CB7FF7500B242D6 /* CalendarViewController.h */ = {isa = PBXFileReference; lastKnownFileType = sourcecode.c.h; path = CalendarViewController.h; sourceTree = "<group>"; };
		01B406181CB7FF7500B242D6 /* CalendarViewController.m */ = {isa = PBXFileReference; lastKnownFileType = sourcecode.c.objc; path = CalendarViewController.m; sourceTree = "<group>"; };
		01B4061B1CB7FF7500B242D6 /* Base */ = {isa = PBXFileReference; lastKnownFileType = file.storyboard; name = Base; path = Base.lproj/Main.storyboard; sourceTree = "<group>"; };
		01B4061D1CB7FF7500B242D6 /* Assets.xcassets */ = {isa = PBXFileReference; lastKnownFileType = folder.assetcatalog; path = Assets.xcassets; sourceTree = "<group>"; };
		01B406201CB7FF7500B242D6 /* Base */ = {isa = PBXFileReference; lastKnownFileType = file.storyboard; name = Base; path = Base.lproj/LaunchScreen.storyboard; sourceTree = "<group>"; };
		01B406221CB7FF7500B242D6 /* Info.plist */ = {isa = PBXFileReference; lastKnownFileType = text.plist.xml; path = Info.plist; sourceTree = "<group>"; };
		01DF6FED1CD3CEE100584CE9 /* RecordCollectionViewCell.h */ = {isa = PBXFileReference; fileEncoding = 4; lastKnownFileType = sourcecode.c.h; path = RecordCollectionViewCell.h; sourceTree = "<group>"; };
		01DF6FEE1CD3CEE100584CE9 /* RecordCollectionViewCell.m */ = {isa = PBXFileReference; fileEncoding = 4; lastKnownFileType = sourcecode.c.objc; path = RecordCollectionViewCell.m; sourceTree = "<group>"; };
		01E29C4B1CB88F4600DA815B /* WelcomeViewController.h */ = {isa = PBXFileReference; fileEncoding = 4; lastKnownFileType = sourcecode.c.h; path = WelcomeViewController.h; sourceTree = "<group>"; };
		01E29C4C1CB88F4600DA815B /* WelcomeViewController.m */ = {isa = PBXFileReference; fileEncoding = 4; lastKnownFileType = sourcecode.c.objc; path = WelcomeViewController.m; sourceTree = "<group>"; };
		01E29C4E1CB891A800DA815B /* StatTableViewController.h */ = {isa = PBXFileReference; fileEncoding = 4; lastKnownFileType = sourcecode.c.h; path = StatTableViewController.h; sourceTree = "<group>"; };
		01E29C4F1CB891A800DA815B /* StatTableViewController.m */ = {isa = PBXFileReference; fileEncoding = 4; lastKnownFileType = sourcecode.c.objc; path = StatTableViewController.m; sourceTree = "<group>"; };
		01E29C511CB8926200DA815B /* StatTableViewCell.h */ = {isa = PBXFileReference; fileEncoding = 4; lastKnownFileType = sourcecode.c.h; path = StatTableViewCell.h; sourceTree = "<group>"; };
		01E29C521CB8926200DA815B /* StatTableViewCell.m */ = {isa = PBXFileReference; fileEncoding = 4; lastKnownFileType = sourcecode.c.objc; path = StatTableViewCell.m; sourceTree = "<group>"; };
		01E2DA651CCA00BC009E69DC /* APIKey+APISecret.h */ = {isa = PBXFileReference; fileEncoding = 4; lastKnownFileType = sourcecode.c.h; path = "APIKey+APISecret.h"; sourceTree = "<group>"; };
		01E2DAAD1CCA0A74009E69DC /* Emotion DiaryTests.m */ = {isa = PBXFileReference; fileEncoding = 4; lastKnownFileType = sourcecode.c.objc; path = "Emotion DiaryTests.m"; sourceTree = "<group>"; };
		01F15FC61CB8E6AA006BB341 /* RecordTableViewController.h */ = {isa = PBXFileReference; fileEncoding = 4; lastKnownFileType = sourcecode.c.h; path = RecordTableViewController.h; sourceTree = "<group>"; };
		01F15FC71CB8E6AA006BB341 /* RecordTableViewController.m */ = {isa = PBXFileReference; fileEncoding = 4; lastKnownFileType = sourcecode.c.objc; path = RecordTableViewController.m; sourceTree = "<group>"; };
		9721AEE52E8C304D1C65C794 /* Pods.release.xcconfig */ = {isa = PBXFileReference; includeInIndex = 1; lastKnownFileType = text.xcconfig; name = Pods.release.xcconfig; path = "Pods/Target Support Files/Pods/Pods.release.xcconfig"; sourceTree = "<group>"; };
		B5FEC9CE2F888EA905CF52A3 /* Pods.debug.xcconfig */ = {isa = PBXFileReference; includeInIndex = 1; lastKnownFileType = text.xcconfig; name = Pods.debug.xcconfig; path = "Pods/Target Support Files/Pods/Pods.debug.xcconfig"; sourceTree = "<group>"; };
		BA3DF3C1D9187607C200094B /* Pods.framework */ = {isa = PBXFileReference; explicitFileType = wrapper.framework; includeInIndex = 0; path = Pods.framework; sourceTree = BUILT_PRODUCTS_DIR; };
		E97184371CB8F68A00A58920 /* Emotion DiaryTests.xctest */ = {isa = PBXFileReference; explicitFileType = wrapper.cfbundle; includeInIndex = 0; path = "Emotion DiaryTests.xctest"; sourceTree = BUILT_PRODUCTS_DIR; };
		E971843B1CB8F68A00A58920 /* Info.plist */ = {isa = PBXFileReference; lastKnownFileType = text.plist.xml; path = Info.plist; sourceTree = "<group>"; };
/* End PBXFileReference section */

/* Begin PBXFrameworksBuildPhase section */
		01B4060B1CB7FF7500B242D6 /* Frameworks */ = {
			isa = PBXFrameworksBuildPhase;
			buildActionMask = 2147483647;
			files = (
				C8BAB25A48A3B7819B6D6974 /* Pods.framework in Frameworks */,
			);
			runOnlyForDeploymentPostprocessing = 0;
		};
		E97184341CB8F68A00A58920 /* Frameworks */ = {
			isa = PBXFrameworksBuildPhase;
			buildActionMask = 2147483647;
			files = (
			);
			runOnlyForDeploymentPostprocessing = 0;
		};
/* End PBXFrameworksBuildPhase section */

/* Begin PBXGroup section */
		018EF43D1CC761EE00E712BC /* FaceppSDK_ARC */ = {
			isa = PBXGroup;
			children = (
				01E2DA651CCA00BC009E69DC /* APIKey+APISecret.h */,
				0115503C1CD24DC6009295F4 /* APIKey+APISecret.sample.h */,
				018EF43E1CC761EE00E712BC /* FaceppAPI.h */,
				018EF43F1CC761EE00E712BC /* FaceppAPI.m */,
				018EF4401CC761EE00E712BC /* FaceppAPISource */,
				018EF4531CC761EE00E712BC /* FaceppResult */,
			);
			path = FaceppSDK_ARC;
			sourceTree = "<group>";
		};
		018EF4401CC761EE00E712BC /* FaceppAPISource */ = {
			isa = PBXGroup;
			children = (
				018EF4411CC761EE00E712BC /* FaceppClient.h */,
				018EF4421CC761EE00E712BC /* FaceppClient.m */,
				018EF4431CC761EE00E712BC /* FaceppDetection.h */,
				018EF4441CC761EE00E712BC /* FaceppDetection.m */,
				018EF4451CC761EE00E712BC /* FaceppFaceset.h */,
				018EF4461CC761EE00E712BC /* FaceppFaceset.m */,
				018EF4471CC761EE00E712BC /* FaceppGroup.h */,
				018EF4481CC761EE00E712BC /* FaceppGroup.m */,
				018EF4491CC761EE00E712BC /* FaceppGrouping.h */,
				018EF44A1CC761EE00E712BC /* FaceppGrouping.m */,
				018EF44B1CC761EE00E712BC /* FaceppInfo.h */,
				018EF44C1CC761EE00E712BC /* FaceppInfo.m */,
				018EF44D1CC761EE00E712BC /* FaceppPerson.h */,
				018EF44E1CC761EE00E712BC /* FaceppPerson.m */,
				018EF44F1CC761EE00E712BC /* FaceppRecognition.h */,
				018EF4501CC761EE00E712BC /* FaceppRecognition.m */,
				018EF4511CC761EE00E712BC /* FaceppTrainer.h */,
				018EF4521CC761EE00E712BC /* FaceppTrainer.m */,
			);
			path = FaceppAPISource;
			sourceTree = "<group>";
		};
		018EF4531CC761EE00E712BC /* FaceppResult */ = {
			isa = PBXGroup;
			children = (
				018EF4541CC761EE00E712BC /* FaceppError.h */,
				018EF4551CC761EE00E712BC /* FaceppError.m */,
				018EF4561CC761EE00E712BC /* FaceppResult.h */,
				018EF4571CC761EE00E712BC /* FaceppResult.m */,
			);
			path = FaceppResult;
			sourceTree = "<group>";
		};
		01B406051CB7FF7500B242D6 = {
			isa = PBXGroup;
			children = (
				018EF4641CC7623400E712BC /* README.md */,
				01B406101CB7FF7500B242D6 /* Emotion Diary */,
				E97184381CB8F68A00A58920 /* Emotion DiaryTests */,
				01B4060F1CB7FF7500B242D6 /* Products */,
				3B73EC5709F5C116C582D080 /* Pods */,
				552E1C0E7E2FF588E790D67A /* Frameworks */,
			);
			sourceTree = "<group>";
		};
		01B4060F1CB7FF7500B242D6 /* Products */ = {
			isa = PBXGroup;
			children = (
				01B4060E1CB7FF7500B242D6 /* Emotion Diary.app */,
				E97184371CB8F68A00A58920 /* Emotion DiaryTests.xctest */,
			);
			name = Products;
			sourceTree = "<group>";
		};
		01B406101CB7FF7500B242D6 /* Emotion Diary */ = {
			isa = PBXGroup;
			children = (
				01B406141CB7FF7500B242D6 /* AppDelegate.h */,
				01B406151CB7FF7500B242D6 /* AppDelegate.m */,
				01E29C4B1CB88F4600DA815B /* WelcomeViewController.h */,
				01E29C4C1CB88F4600DA815B /* WelcomeViewController.m */,
				01F15FC61CB8E6AA006BB341 /* RecordTableViewController.h */,
				01F15FC71CB8E6AA006BB341 /* RecordTableViewController.m */,
				01DF6FED1CD3CEE100584CE9 /* RecordCollectionViewCell.h */,
				01DF6FEE1CD3CEE100584CE9 /* RecordCollectionViewCell.m */,
				01B406171CB7FF7500B242D6 /* CalendarViewController.h */,
				01B406181CB7FF7500B242D6 /* CalendarViewController.m */,
				015334DD1CB8B2DF00E3D2F1 /* CalendarViewTableViewCell.h */,
				015334DE1CB8B2DF00E3D2F1 /* CalendarViewTableViewCell.m */,
				01E29C4E1CB891A800DA815B /* StatTableViewController.h */,
				01E29C4F1CB891A800DA815B /* StatTableViewController.m */,
				01E29C511CB8926200DA815B /* StatTableViewCell.h */,
				01E29C521CB8926200DA815B /* StatTableViewCell.m */,
				01360A5A1CD1180A00BB02B0 /* EmotionDiary.h */,
				01360A5B1CD1180A00BB02B0 /* EmotionDiary.m */,
				017EAA5E1CD62CC2004AF7FF /* EmotionDiaryManager.h */,
				017EAA5F1CD62CC2004AF7FF /* EmotionDiaryManager.m */,
				01360A571CD1174400BB02B0 /* ActionPerformer.h */,
				01360A581CD1174400BB02B0 /* ActionPerformer.m */,
				0148B0A51CB97D0A00E8FC08 /* Utilities.h */,
				0148B0A61CB97D0A00E8FC08 /* Utilities.m */,
				01B4061A1CB7FF7500B242D6 /* Main.storyboard */,
				01B4061D1CB7FF7500B242D6 /* Assets.xcassets */,
				01B4061F1CB7FF7500B242D6 /* LaunchScreen.storyboard */,
				01B406221CB7FF7500B242D6 /* Info.plist */,
				01B406111CB7FF7500B242D6 /* Supporting Files */,
				018EF43D1CC761EE00E712BC /* FaceppSDK_ARC */,
			);
			path = "Emotion Diary";
			sourceTree = "<group>";
		};
		01B406111CB7FF7500B242D6 /* Supporting Files */ = {
			isa = PBXGroup;
			children = (
				01B406121CB7FF7500B242D6 /* main.m */,
				015AFD6A1CCBE09800389C7A /* Emotion Diary-Prefix.pch */,
			);
			name = "Supporting Files";
			sourceTree = "<group>";
		};
		3B73EC5709F5C116C582D080 /* Pods */ = {
			isa = PBXGroup;
			children = (
				B5FEC9CE2F888EA905CF52A3 /* Pods.debug.xcconfig */,
				9721AEE52E8C304D1C65C794 /* Pods.release.xcconfig */,
			);
			name = Pods;
			sourceTree = "<group>";
		};
		552E1C0E7E2FF588E790D67A /* Frameworks */ = {
			isa = PBXGroup;
			children = (
				BA3DF3C1D9187607C200094B /* Pods.framework */,
			);
			name = Frameworks;
			sourceTree = "<group>";
		};
		E97184381CB8F68A00A58920 /* Emotion DiaryTests */ = {
			isa = PBXGroup;
			children = (
				01E2DAAD1CCA0A74009E69DC /* Emotion DiaryTests.m */,
				E971843B1CB8F68A00A58920 /* Info.plist */,
			);
			path = "Emotion DiaryTests";
			sourceTree = "<group>";
		};
/* End PBXGroup section */

/* Begin PBXNativeTarget section */
		01B4060D1CB7FF7500B242D6 /* Emotion Diary */ = {
			isa = PBXNativeTarget;
			buildConfigurationList = 01B4063B1CB7FF7500B242D6 /* Build configuration list for PBXNativeTarget "Emotion Diary" */;
			buildPhases = (
				F7D1C950007854CF3E01B3C0 /* Check Pods Manifest.lock */,
				01B4060A1CB7FF7500B242D6 /* Sources */,
				01B4060B1CB7FF7500B242D6 /* Frameworks */,
				01B4060C1CB7FF7500B242D6 /* Resources */,
				E971841B1CB8EF7500A58920 /* Embed Frameworks */,
				F581D45FE74D1B3B65A3093B /* Embed Pods Frameworks */,
				7F52BF79A596009DAC2993AA /* Copy Pods Resources */,
			);
			buildRules = (
			);
			dependencies = (
			);
			name = "Emotion Diary";
			productName = "Emotion Diary";
			productReference = 01B4060E1CB7FF7500B242D6 /* Emotion Diary.app */;
			productType = "com.apple.product-type.application";
		};
		E97184361CB8F68A00A58920 /* Emotion DiaryTests */ = {
			isa = PBXNativeTarget;
			buildConfigurationList = E971843E1CB8F68A00A58920 /* Build configuration list for PBXNativeTarget "Emotion DiaryTests" */;
			buildPhases = (
				E97184331CB8F68A00A58920 /* Sources */,
				E97184341CB8F68A00A58920 /* Frameworks */,
				E97184351CB8F68A00A58920 /* Resources */,
			);
			buildRules = (
			);
			dependencies = (
				E971843D1CB8F68A00A58920 /* PBXTargetDependency */,
			);
			name = "Emotion DiaryTests";
			productName = "Emotion DiaryTests";
			productReference = E97184371CB8F68A00A58920 /* Emotion DiaryTests.xctest */;
			productType = "com.apple.product-type.bundle.unit-test";
		};
/* End PBXNativeTarget section */

/* Begin PBXProject section */
		01B406061CB7FF7500B242D6 /* Project object */ = {
			isa = PBXProject;
			attributes = {
				LastSwiftUpdateCheck = 0730;
				LastUpgradeCheck = 0730;
				ORGANIZATIONNAME = "范志康";
				TargetAttributes = {
					01B4060D1CB7FF7500B242D6 = {
						CreatedOnToolsVersion = 7.3;
						DevelopmentTeam = 4G7T6JUJF6;
					};
					E97184361CB8F68A00A58920 = {
						CreatedOnToolsVersion = 7.3;
						TestTargetID = 01B4060D1CB7FF7500B242D6;
					};
				};
			};
			buildConfigurationList = 01B406091CB7FF7500B242D6 /* Build configuration list for PBXProject "Emotion Diary" */;
			compatibilityVersion = "Xcode 3.2";
			developmentRegion = English;
			hasScannedForEncodings = 0;
			knownRegions = (
				en,
				Base,
			);
			mainGroup = 01B406051CB7FF7500B242D6;
			productRefGroup = 01B4060F1CB7FF7500B242D6 /* Products */;
			projectDirPath = "";
			projectRoot = "";
			targets = (
				01B4060D1CB7FF7500B242D6 /* Emotion Diary */,
				E97184361CB8F68A00A58920 /* Emotion DiaryTests */,
			);
		};
/* End PBXProject section */

/* Begin PBXResourcesBuildPhase section */
		01B4060C1CB7FF7500B242D6 /* Resources */ = {
			isa = PBXResourcesBuildPhase;
			buildActionMask = 2147483647;
			files = (
				01B406211CB7FF7500B242D6 /* LaunchScreen.storyboard in Resources */,
				01B4061E1CB7FF7500B242D6 /* Assets.xcassets in Resources */,
				01B4061C1CB7FF7500B242D6 /* Main.storyboard in Resources */,
			);
			runOnlyForDeploymentPostprocessing = 0;
		};
		E97184351CB8F68A00A58920 /* Resources */ = {
			isa = PBXResourcesBuildPhase;
			buildActionMask = 2147483647;
			files = (
			);
			runOnlyForDeploymentPostprocessing = 0;
		};
/* End PBXResourcesBuildPhase section */

/* Begin PBXShellScriptBuildPhase section */
		7F52BF79A596009DAC2993AA /* Copy Pods Resources */ = {
			isa = PBXShellScriptBuildPhase;
			buildActionMask = 2147483647;
			files = (
			);
			inputPaths = (
			);
			name = "Copy Pods Resources";
			outputPaths = (
			);
			runOnlyForDeploymentPostprocessing = 0;
			shellPath = /bin/sh;
			shellScript = "\"${SRCROOT}/Pods/Target Support Files/Pods/Pods-resources.sh\"\n";
			showEnvVarsInLog = 0;
		};
		F581D45FE74D1B3B65A3093B /* Embed Pods Frameworks */ = {
			isa = PBXShellScriptBuildPhase;
			buildActionMask = 2147483647;
			files = (
			);
			inputPaths = (
			);
			name = "Embed Pods Frameworks";
			outputPaths = (
			);
			runOnlyForDeploymentPostprocessing = 0;
			shellPath = /bin/sh;
			shellScript = "\"${SRCROOT}/Pods/Target Support Files/Pods/Pods-frameworks.sh\"\n";
			showEnvVarsInLog = 0;
		};
		F7D1C950007854CF3E01B3C0 /* Check Pods Manifest.lock */ = {
			isa = PBXShellScriptBuildPhase;
			buildActionMask = 2147483647;
			files = (
			);
			inputPaths = (
			);
			name = "Check Pods Manifest.lock";
			outputPaths = (
			);
			runOnlyForDeploymentPostprocessing = 0;
			shellPath = /bin/sh;
			shellScript = "diff \"${PODS_ROOT}/../Podfile.lock\" \"${PODS_ROOT}/Manifest.lock\" > /dev/null\nif [[ $? != 0 ]] ; then\n    cat << EOM\nerror: The sandbox is not in sync with the Podfile.lock. Run 'pod install' or update your CocoaPods installation.\nEOM\n    exit 1\nfi\n";
			showEnvVarsInLog = 0;
		};
/* End PBXShellScriptBuildPhase section */

/* Begin PBXSourcesBuildPhase section */
		01B4060A1CB7FF7500B242D6 /* Sources */ = {
			isa = PBXSourcesBuildPhase;
			buildActionMask = 2147483647;
			files = (
				018EF45A1CC761EE00E712BC /* FaceppDetection.m in Sources */,
				018EF45D1CC761EE00E712BC /* FaceppGrouping.m in Sources */,
				018EF4621CC761EE00E712BC /* FaceppError.m in Sources */,
				018EF45B1CC761EE00E712BC /* FaceppFaceset.m in Sources */,
				01B406191CB7FF7500B242D6 /* CalendarViewController.m in Sources */,
				01B406161CB7FF7500B242D6 /* AppDelegate.m in Sources */,
				01360A591CD1174400BB02B0 /* ActionPerformer.m in Sources */,
				01F15FC81CB8E6AA006BB341 /* RecordTableViewController.m in Sources */,
				018EF4591CC761EE00E712BC /* FaceppClient.m in Sources */,
				01360A5C1CD1180A00BB02B0 /* EmotionDiary.m in Sources */,
				018EF4631CC761EE00E712BC /* FaceppResult.m in Sources */,
				018EF45F1CC761EE00E712BC /* FaceppPerson.m in Sources */,
				018EF4601CC761EE00E712BC /* FaceppRecognition.m in Sources */,
				01E29C501CB891A800DA815B /* StatTableViewController.m in Sources */,
				015334DF1CB8B2DF00E3D2F1 /* CalendarViewTableViewCell.m in Sources */,
				018EF45E1CC761EE00E712BC /* FaceppInfo.m in Sources */,
				01E29C4D1CB88F4600DA815B /* WelcomeViewController.m in Sources */,
				018EF45C1CC761EE00E712BC /* FaceppGroup.m in Sources */,
				017EAA601CD62CC2004AF7FF /* EmotionDiaryManager.m in Sources */,
				018EF4611CC761EE00E712BC /* FaceppTrainer.m in Sources */,
				0148B0A71CB97D0A00E8FC08 /* Utilities.m in Sources */,
				018EF4581CC761EE00E712BC /* FaceppAPI.m in Sources */,
				01E29C531CB8926200DA815B /* StatTableViewCell.m in Sources */,
				01B406131CB7FF7500B242D6 /* main.m in Sources */,
				01DF6FEF1CD3CEE100584CE9 /* RecordCollectionViewCell.m in Sources */,
			);
			runOnlyForDeploymentPostprocessing = 0;
		};
		E97184331CB8F68A00A58920 /* Sources */ = {
			isa = PBXSourcesBuildPhase;
			buildActionMask = 2147483647;
			files = (
				01E2DAAE1CCA0A74009E69DC /* Emotion DiaryTests.m in Sources */,
			);
			runOnlyForDeploymentPostprocessing = 0;
		};
/* End PBXSourcesBuildPhase section */

/* Begin PBXTargetDependency section */
		E971843D1CB8F68A00A58920 /* PBXTargetDependency */ = {
			isa = PBXTargetDependency;
			target = 01B4060D1CB7FF7500B242D6 /* Emotion Diary */;
			targetProxy = E971843C1CB8F68A00A58920 /* PBXContainerItemProxy */;
		};
/* End PBXTargetDependency section */

/* Begin PBXVariantGroup section */
		01B4061A1CB7FF7500B242D6 /* Main.storyboard */ = {
			isa = PBXVariantGroup;
			children = (
				01B4061B1CB7FF7500B242D6 /* Base */,
				015334E01CB8B79300E3D2F1 /* zh-Hans */,
			);
			name = Main.storyboard;
			sourceTree = "<group>";
		};
		01B4061F1CB7FF7500B242D6 /* LaunchScreen.storyboard */ = {
			isa = PBXVariantGroup;
			children = (
				01B406201CB7FF7500B242D6 /* Base */,
				015334E11CB8B79300E3D2F1 /* zh-Hans */,
			);
			name = LaunchScreen.storyboard;
			sourceTree = "<group>";
		};
/* End PBXVariantGroup section */

/* Begin XCBuildConfiguration section */
		01B406391CB7FF7500B242D6 /* Debug */ = {
			isa = XCBuildConfiguration;
			buildSettings = {
				ALWAYS_SEARCH_USER_PATHS = NO;
				CLANG_ANALYZER_NONNULL = YES;
				CLANG_CXX_LANGUAGE_STANDARD = "gnu++0x";
				CLANG_CXX_LIBRARY = "libc++";
				CLANG_ENABLE_MODULES = YES;
				CLANG_ENABLE_OBJC_ARC = YES;
				CLANG_WARN_BOOL_CONVERSION = YES;
				CLANG_WARN_CONSTANT_CONVERSION = YES;
				CLANG_WARN_DIRECT_OBJC_ISA_USAGE = YES_ERROR;
				CLANG_WARN_EMPTY_BODY = YES;
				CLANG_WARN_ENUM_CONVERSION = YES;
				CLANG_WARN_INT_CONVERSION = YES;
				CLANG_WARN_OBJC_ROOT_CLASS = YES_ERROR;
				CLANG_WARN_UNREACHABLE_CODE = YES;
				CLANG_WARN__DUPLICATE_METHOD_MATCH = YES;
				"CODE_SIGN_IDENTITY[sdk=iphoneos*]" = "iPhone Developer";
				COPY_PHASE_STRIP = NO;
				DEBUG_INFORMATION_FORMAT = dwarf;
				ENABLE_STRICT_OBJC_MSGSEND = YES;
				ENABLE_TESTABILITY = YES;
				GCC_C_LANGUAGE_STANDARD = gnu99;
				GCC_DYNAMIC_NO_PIC = NO;
				GCC_NO_COMMON_BLOCKS = YES;
				GCC_OPTIMIZATION_LEVEL = 0;
				GCC_PRECOMPILE_PREFIX_HEADER = NO;
				GCC_PREFIX_HEADER = "";
				GCC_PREPROCESSOR_DEFINITIONS = (
					"DEBUG=1",
					"$(inherited)",
				);
				GCC_WARN_64_TO_32_BIT_CONVERSION = YES;
				GCC_WARN_ABOUT_RETURN_TYPE = YES_ERROR;
				GCC_WARN_UNDECLARED_SELECTOR = YES;
				GCC_WARN_UNINITIALIZED_AUTOS = YES_AGGRESSIVE;
				GCC_WARN_UNUSED_FUNCTION = YES;
				GCC_WARN_UNUSED_VARIABLE = YES;
				IPHONEOS_DEPLOYMENT_TARGET = 8.0;
				MTL_ENABLE_DEBUG_INFO = YES;
				ONLY_ACTIVE_ARCH = YES;
				SDKROOT = iphoneos;
				TARGETED_DEVICE_FAMILY = "1,2";
			};
			name = Debug;
		};
		01B4063A1CB7FF7500B242D6 /* Release */ = {
			isa = XCBuildConfiguration;
			buildSettings = {
				ALWAYS_SEARCH_USER_PATHS = NO;
				CLANG_ANALYZER_NONNULL = YES;
				CLANG_CXX_LANGUAGE_STANDARD = "gnu++0x";
				CLANG_CXX_LIBRARY = "libc++";
				CLANG_ENABLE_MODULES = YES;
				CLANG_ENABLE_OBJC_ARC = YES;
				CLANG_WARN_BOOL_CONVERSION = YES;
				CLANG_WARN_CONSTANT_CONVERSION = YES;
				CLANG_WARN_DIRECT_OBJC_ISA_USAGE = YES_ERROR;
				CLANG_WARN_EMPTY_BODY = YES;
				CLANG_WARN_ENUM_CONVERSION = YES;
				CLANG_WARN_INT_CONVERSION = YES;
				CLANG_WARN_OBJC_ROOT_CLASS = YES_ERROR;
				CLANG_WARN_UNREACHABLE_CODE = YES;
				CLANG_WARN__DUPLICATE_METHOD_MATCH = YES;
				"CODE_SIGN_IDENTITY[sdk=iphoneos*]" = "iPhone Developer";
				COPY_PHASE_STRIP = NO;
				DEBUG_INFORMATION_FORMAT = "dwarf-with-dsym";
				ENABLE_NS_ASSERTIONS = NO;
				ENABLE_STRICT_OBJC_MSGSEND = YES;
				GCC_C_LANGUAGE_STANDARD = gnu99;
				GCC_NO_COMMON_BLOCKS = YES;
				GCC_PRECOMPILE_PREFIX_HEADER = NO;
				GCC_PREFIX_HEADER = "";
				GCC_WARN_64_TO_32_BIT_CONVERSION = YES;
				GCC_WARN_ABOUT_RETURN_TYPE = YES_ERROR;
				GCC_WARN_UNDECLARED_SELECTOR = YES;
				GCC_WARN_UNINITIALIZED_AUTOS = YES_AGGRESSIVE;
				GCC_WARN_UNUSED_FUNCTION = YES;
				GCC_WARN_UNUSED_VARIABLE = YES;
				IPHONEOS_DEPLOYMENT_TARGET = 8.0;
				MTL_ENABLE_DEBUG_INFO = NO;
				SDKROOT = iphoneos;
				TARGETED_DEVICE_FAMILY = "1,2";
				VALIDATE_PRODUCT = YES;
			};
			name = Release;
		};
		01B4063C1CB7FF7500B242D6 /* Debug */ = {
			isa = XCBuildConfiguration;
			baseConfigurationReference = B5FEC9CE2F888EA905CF52A3 /* Pods.debug.xcconfig */;
			buildSettings = {
				ASSETCATALOG_COMPILER_APPICON_NAME = AppIcon;
				CLANG_ENABLE_MODULES = YES;
				CODE_SIGN_IDENTITY = "iPhone Developer";
				"CODE_SIGN_IDENTITY[sdk=iphoneos*]" = "iPhone Developer";
				EMBEDDED_CONTENT_CONTAINS_SWIFT = NO;
				GCC_PRECOMPILE_PREFIX_HEADER = YES;
				GCC_PREFIX_HEADER = "Emotion Diary/Emotion Diary-Prefix.pch";
				INFOPLIST_FILE = "Emotion Diary/Info.plist";
				LD_RUNPATH_SEARCH_PATHS = "$(inherited) @executable_path/Frameworks";
				PRODUCT_BUNDLE_IDENTIFIER = "cn.fanzhikang.Emotion-Diary";
				PRODUCT_NAME = "$(TARGET_NAME)";
				PROVISIONING_PROFILE = "";
				SWIFT_OPTIMIZATION_LEVEL = "-Onone";
				TARGETED_DEVICE_FAMILY = "1,2";
			};
			name = Debug;
		};
		01B4063D1CB7FF7500B242D6 /* Release */ = {
			isa = XCBuildConfiguration;
			baseConfigurationReference = 9721AEE52E8C304D1C65C794 /* Pods.release.xcconfig */;
			buildSettings = {
				ASSETCATALOG_COMPILER_APPICON_NAME = AppIcon;
				CLANG_ENABLE_MODULES = YES;
				CODE_SIGN_IDENTITY = "iPhone Developer";
				"CODE_SIGN_IDENTITY[sdk=iphoneos*]" = "iPhone Developer";
				EMBEDDED_CONTENT_CONTAINS_SWIFT = NO;
				GCC_PRECOMPILE_PREFIX_HEADER = YES;
				GCC_PREFIX_HEADER = "Emotion Diary/Emotion Diary-Prefix.pch";
				INFOPLIST_FILE = "Emotion Diary/Info.plist";
				LD_RUNPATH_SEARCH_PATHS = "$(inherited) @executable_path/Frameworks";
				PRODUCT_BUNDLE_IDENTIFIER = "cn.fanzhikang.Emotion-Diary";
				PRODUCT_NAME = "$(TARGET_NAME)";
				PROVISIONING_PROFILE = "";
				TARGETED_DEVICE_FAMILY = "1,2";
			};
			name = Release;
		};
		E971843F1CB8F68A00A58920 /* Debug */ = {
			isa = XCBuildConfiguration;
			buildSettings = {
				BUNDLE_LOADER = "$(TEST_HOST)";
				CLANG_ENABLE_MODULES = YES;
				INFOPLIST_FILE = "Emotion DiaryTests/Info.plist";
				IPHONEOS_DEPLOYMENT_TARGET = 9.3;
				LD_RUNPATH_SEARCH_PATHS = "$(inherited) @executable_path/Frameworks @loader_path/Frameworks";
				PRODUCT_BUNDLE_IDENTIFIER = "cn.pikkacho.www.Emotion-DiaryTests";
				PRODUCT_NAME = "$(TARGET_NAME)";
				SWIFT_OPTIMIZATION_LEVEL = "-Onone";
				TEST_HOST = "$(BUILT_PRODUCTS_DIR)/Emotion Diary.app/Emotion Diary";
			};
			name = Debug;
		};
		E97184401CB8F68A00A58920 /* Release */ = {
			isa = XCBuildConfiguration;
			buildSettings = {
				BUNDLE_LOADER = "$(TEST_HOST)";
				CLANG_ENABLE_MODULES = YES;
				INFOPLIST_FILE = "Emotion DiaryTests/Info.plist";
				IPHONEOS_DEPLOYMENT_TARGET = 9.3;
				LD_RUNPATH_SEARCH_PATHS = "$(inherited) @executable_path/Frameworks @loader_path/Frameworks";
				PRODUCT_BUNDLE_IDENTIFIER = "cn.pikkacho.www.Emotion-DiaryTests";
				PRODUCT_NAME = "$(TARGET_NAME)";
				TEST_HOST = "$(BUILT_PRODUCTS_DIR)/Emotion Diary.app/Emotion Diary";
			};
			name = Release;
		};
/* End XCBuildConfiguration section */

/* Begin XCConfigurationList section */
		01B406091CB7FF7500B242D6 /* Build configuration list for PBXProject "Emotion Diary" */ = {
			isa = XCConfigurationList;
			buildConfigurations = (
				01B406391CB7FF7500B242D6 /* Debug */,
				01B4063A1CB7FF7500B242D6 /* Release */,
			);
			defaultConfigurationIsVisible = 0;
			defaultConfigurationName = Release;
		};
		01B4063B1CB7FF7500B242D6 /* Build configuration list for PBXNativeTarget "Emotion Diary" */ = {
			isa = XCConfigurationList;
			buildConfigurations = (
				01B4063C1CB7FF7500B242D6 /* Debug */,
				01B4063D1CB7FF7500B242D6 /* Release */,
			);
			defaultConfigurationIsVisible = 0;
			defaultConfigurationName = Release;
		};
		E971843E1CB8F68A00A58920 /* Build configuration list for PBXNativeTarget "Emotion DiaryTests" */ = {
			isa = XCConfigurationList;
			buildConfigurations = (
				E971843F1CB8F68A00A58920 /* Debug */,
				E97184401CB8F68A00A58920 /* Release */,
			);
			defaultConfigurationIsVisible = 0;
			defaultConfigurationName = Release;
		};
/* End XCConfigurationList section */
	};
	rootObject = 01B406061CB7FF7500B242D6 /* Project object */;
}
